// !$*UTF8*$!
{
	archiveVersion = 1;
	classes = {
	};
	objectVersion = 46;
	objects = {

/* Begin PBXBuildFile section */
		843F4AA71B74D3C800B9D700 /* Main.storyboard in Resources */ = {isa = PBXBuildFile; fileRef = FA438EBB1B7146CA00D2E8F7 /* Main.storyboard */; };
		84498E231B74ADEC00105462 /* Nimble.framework in Frameworks */ = {isa = PBXBuildFile; fileRef = 84498E221B74ADEC00105462 /* Nimble.framework */; };
		84498E251B74ADEF00105462 /* Quick.framework in Frameworks */ = {isa = PBXBuildFile; fileRef = 84498E241B74ADEF00105462 /* Quick.framework */; };
		AE6D9797BA0BDD14C29C0D4E /* Pods_ViewControllerTestTests.framework in Frameworks */ = {isa = PBXBuildFile; fileRef = 5D633ABA32A1CA991E30A011 /* Pods_ViewControllerTestTests.framework */; settings = {ATTRIBUTES = (Weak, ); }; };
		FA438EB81B7146CA00D2E8F7 /* AppDelegate.swift in Sources */ = {isa = PBXBuildFile; fileRef = FA438EB71B7146CA00D2E8F7 /* AppDelegate.swift */; };
		FA438EBA1B7146CA00D2E8F7 /* ViewController.swift in Sources */ = {isa = PBXBuildFile; fileRef = FA438EB91B7146CA00D2E8F7 /* ViewController.swift */; };
		FA438EBD1B7146CA00D2E8F7 /* Main.storyboard in Resources */ = {isa = PBXBuildFile; fileRef = FA438EBB1B7146CA00D2E8F7 /* Main.storyboard */; };
		FA438EBF1B7146CA00D2E8F7 /* Images.xcassets in Resources */ = {isa = PBXBuildFile; fileRef = FA438EBE1B7146CA00D2E8F7 /* Images.xcassets */; };
		FA438EC21B7146CA00D2E8F7 /* LaunchScreen.xib in Resources */ = {isa = PBXBuildFile; fileRef = FA438EC01B7146CA00D2E8F7 /* LaunchScreen.xib */; };
		FA438ECE1B7146CB00D2E8F7 /* ViewControllerTestTests.swift in Sources */ = {isa = PBXBuildFile; fileRef = FA438ECD1B7146CB00D2E8F7 /* ViewControllerTestTests.swift */; };
		FA438EE41B715BD700D2E8F7 /* AppDelegate.swift in Sources */ = {isa = PBXBuildFile; fileRef = FA438EB71B7146CA00D2E8F7 /* AppDelegate.swift */; };
/* End PBXBuildFile section */

/* Begin PBXContainerItemProxy section */
		FA438EC81B7146CB00D2E8F7 /* PBXContainerItemProxy */ = {
			isa = PBXContainerItemProxy;
			containerPortal = FA438EAA1B7146CA00D2E8F7 /* Project object */;
			proxyType = 1;
			remoteGlobalIDString = FA438EB11B7146CA00D2E8F7;
			remoteInfo = ViewControllerTest;
		};
/* End PBXContainerItemProxy section */

/* Begin PBXFileReference section */
		5D633ABA32A1CA991E30A011 /* Pods_ViewControllerTestTests.framework */ = {isa = PBXFileReference; explicitFileType = wrapper.framework; includeInIndex = 0; path = Pods_ViewControllerTestTests.framework; sourceTree = BUILT_PRODUCTS_DIR; };
		84498E221B74ADEC00105462 /* Nimble.framework */ = {isa = PBXFileReference; lastKnownFileType = wrapper.framework; name = Nimble.framework; path = "Pods/../build/Debug-iphoneos/Nimble.framework"; sourceTree = "<group>"; };
		84498E241B74ADEF00105462 /* Quick.framework */ = {isa = PBXFileReference; lastKnownFileType = wrapper.framework; name = Quick.framework; path = "Pods/../build/Debug-iphoneos/Quick.framework"; sourceTree = "<group>"; };
		9F1D46C0F9AA6C7F8386E0FE /* Pods-ViewControllerTestTests.release.xcconfig */ = {isa = PBXFileReference; includeInIndex = 1; lastKnownFileType = text.xcconfig; name = "Pods-ViewControllerTestTests.release.xcconfig"; path = "Pods/Target Support Files/Pods-ViewControllerTestTests/Pods-ViewControllerTestTests.release.xcconfig"; sourceTree = "<group>"; };
		DFB6DF3D10A9EA5D00F225E1 /* Pods-ViewControllerTestTests.debug.xcconfig */ = {isa = PBXFileReference; includeInIndex = 1; lastKnownFileType = text.xcconfig; name = "Pods-ViewControllerTestTests.debug.xcconfig"; path = "Pods/Target Support Files/Pods-ViewControllerTestTests/Pods-ViewControllerTestTests.debug.xcconfig"; sourceTree = "<group>"; };
		FA438EB21B7146CA00D2E8F7 /* ViewControllerTest.app */ = {isa = PBXFileReference; explicitFileType = wrapper.application; includeInIndex = 0; path = ViewControllerTest.app; sourceTree = BUILT_PRODUCTS_DIR; };
		FA438EB61B7146CA00D2E8F7 /* Info.plist */ = {isa = PBXFileReference; lastKnownFileType = text.plist.xml; path = Info.plist; sourceTree = "<group>"; };
		FA438EB71B7146CA00D2E8F7 /* AppDelegate.swift */ = {isa = PBXFileReference; lastKnownFileType = sourcecode.swift; path = AppDelegate.swift; sourceTree = "<group>"; };
		FA438EB91B7146CA00D2E8F7 /* ViewController.swift */ = {isa = PBXFileReference; lastKnownFileType = sourcecode.swift; path = ViewController.swift; sourceTree = "<group>"; };
		FA438EBC1B7146CA00D2E8F7 /* Base */ = {isa = PBXFileReference; lastKnownFileType = file.storyboard; name = Base; path = Base.lproj/Main.storyboard; sourceTree = "<group>"; };
		FA438EBE1B7146CA00D2E8F7 /* Images.xcassets */ = {isa = PBXFileReference; lastKnownFileType = folder.assetcatalog; path = Images.xcassets; sourceTree = "<group>"; };
		FA438EC11B7146CA00D2E8F7 /* Base */ = {isa = PBXFileReference; lastKnownFileType = file.xib; name = Base; path = Base.lproj/LaunchScreen.xib; sourceTree = "<group>"; };
		FA438EC71B7146CB00D2E8F7 /* ViewControllerTestTests.xctest */ = {isa = PBXFileReference; explicitFileType = wrapper.cfbundle; includeInIndex = 0; path = ViewControllerTestTests.xctest; sourceTree = BUILT_PRODUCTS_DIR; };
		FA438ECC1B7146CB00D2E8F7 /* Info.plist */ = {isa = PBXFileReference; lastKnownFileType = text.plist.xml; path = Info.plist; sourceTree = "<group>"; };
		FA438ECD1B7146CB00D2E8F7 /* ViewControllerTestTests.swift */ = {isa = PBXFileReference; lastKnownFileType = sourcecode.swift; path = ViewControllerTestTests.swift; sourceTree = "<group>"; };
/* End PBXFileReference section */

/* Begin PBXFrameworksBuildPhase section */
		FA438EAF1B7146CA00D2E8F7 /* Frameworks */ = {
			isa = PBXFrameworksBuildPhase;
			buildActionMask = 2147483647;
			files = (
			);
			runOnlyForDeploymentPostprocessing = 0;
		};
		FA438EC41B7146CB00D2E8F7 /* Frameworks */ = {
			isa = PBXFrameworksBuildPhase;
			buildActionMask = 2147483647;
			files = (
				84498E251B74ADEF00105462 /* Quick.framework in Frameworks */,
				84498E231B74ADEC00105462 /* Nimble.framework in Frameworks */,
				AE6D9797BA0BDD14C29C0D4E /* Pods_ViewControllerTestTests.framework in Frameworks */,
			);
			runOnlyForDeploymentPostprocessing = 0;
		};
/* End PBXFrameworksBuildPhase section */

/* Begin PBXGroup section */
		71B57BD8D43B2F3F7D8D53AE /* Pods */ = {
			isa = PBXGroup;
			children = (
				DFB6DF3D10A9EA5D00F225E1 /* Pods-ViewControllerTestTests.debug.xcconfig */,
				9F1D46C0F9AA6C7F8386E0FE /* Pods-ViewControllerTestTests.release.xcconfig */,
			);
			name = Pods;
			sourceTree = "<group>";
		};
		B9CF505E5ACE6E2EFAE6BC04 /* Frameworks */ = {
			isa = PBXGroup;
			children = (
				84498E241B74ADEF00105462 /* Quick.framework */,
				84498E221B74ADEC00105462 /* Nimble.framework */,
				5D633ABA32A1CA991E30A011 /* Pods_ViewControllerTestTests.framework */,
			);
			name = Frameworks;
			sourceTree = "<group>";
		};
		FA438EA91B7146CA00D2E8F7 = {
			isa = PBXGroup;
			children = (
				FA438EB41B7146CA00D2E8F7 /* ViewControllerTest */,
				FA438ECA1B7146CB00D2E8F7 /* ViewControllerTestTests */,
				FA438EB31B7146CA00D2E8F7 /* Products */,
				71B57BD8D43B2F3F7D8D53AE /* Pods */,
				B9CF505E5ACE6E2EFAE6BC04 /* Frameworks */,
			);
			sourceTree = "<group>";
		};
		FA438EB31B7146CA00D2E8F7 /* Products */ = {
			isa = PBXGroup;
			children = (
				FA438EB21B7146CA00D2E8F7 /* ViewControllerTest.app */,
				FA438EC71B7146CB00D2E8F7 /* ViewControllerTestTests.xctest */,
			);
			name = Products;
			sourceTree = "<group>";
		};
		FA438EB41B7146CA00D2E8F7 /* ViewControllerTest */ = {
			isa = PBXGroup;
			children = (
				FA438EB71B7146CA00D2E8F7 /* AppDelegate.swift */,
				FA438EB91B7146CA00D2E8F7 /* ViewController.swift */,
				FA438EBB1B7146CA00D2E8F7 /* Main.storyboard */,
				FA438EBE1B7146CA00D2E8F7 /* Images.xcassets */,
				FA438EC01B7146CA00D2E8F7 /* LaunchScreen.xib */,
				FA438EB51B7146CA00D2E8F7 /* Supporting Files */,
			);
			path = ViewControllerTest;
			sourceTree = "<group>";
		};
		FA438EB51B7146CA00D2E8F7 /* Supporting Files */ = {
			isa = PBXGroup;
			children = (
				FA438EB61B7146CA00D2E8F7 /* Info.plist */,
			);
			name = "Supporting Files";
			sourceTree = "<group>";
		};
		FA438ECA1B7146CB00D2E8F7 /* ViewControllerTestTests */ = {
			isa = PBXGroup;
			children = (
				FA438ECD1B7146CB00D2E8F7 /* ViewControllerTestTests.swift */,
				FA438ECB1B7146CB00D2E8F7 /* Supporting Files */,
			);
			path = ViewControllerTestTests;
			sourceTree = "<group>";
		};
		FA438ECB1B7146CB00D2E8F7 /* Supporting Files */ = {
			isa = PBXGroup;
			children = (
				FA438ECC1B7146CB00D2E8F7 /* Info.plist */,
			);
			name = "Supporting Files";
			sourceTree = "<group>";
		};
/* End PBXGroup section */

/* Begin PBXNativeTarget section */
		FA438EB11B7146CA00D2E8F7 /* ViewControllerTest */ = {
			isa = PBXNativeTarget;
			buildConfigurationList = FA438ED11B7146CB00D2E8F7 /* Build configuration list for PBXNativeTarget "ViewControllerTest" */;
			buildPhases = (
				FA438EAE1B7146CA00D2E8F7 /* Sources */,
				FA438EAF1B7146CA00D2E8F7 /* Frameworks */,
				FA438EB01B7146CA00D2E8F7 /* Resources */,
			);
			buildRules = (
			);
			dependencies = (
			);
			name = ViewControllerTest;
			productName = ViewControllerTest;
			productReference = FA438EB21B7146CA00D2E8F7 /* ViewControllerTest.app */;
			productType = "com.apple.product-type.application";
		};
		FA438EC61B7146CB00D2E8F7 /* ViewControllerTestTests */ = {
			isa = PBXNativeTarget;
			buildConfigurationList = FA438ED41B7146CB00D2E8F7 /* Build configuration list for PBXNativeTarget "ViewControllerTestTests" */;
			buildPhases = (
				ED19E75F58B7DAD15F8874AA /* Check Pods Manifest.lock */,
				FA438EC31B7146CB00D2E8F7 /* Sources */,
				FA438EC41B7146CB00D2E8F7 /* Frameworks */,
				FA438EC51B7146CB00D2E8F7 /* Resources */,
				CBF79E7B78AD681661EE2FD7 /* Embed Pods Frameworks */,
				75BBD82B00E85A46A1F1E4F4 /* Copy Pods Resources */,
			);
			buildRules = (
			);
			dependencies = (
				FA438EC91B7146CB00D2E8F7 /* PBXTargetDependency */,
			);
			name = ViewControllerTestTests;
			productName = ViewControllerTestTests;
			productReference = FA438EC71B7146CB00D2E8F7 /* ViewControllerTestTests.xctest */;
			productType = "com.apple.product-type.bundle.unit-test";
		};
/* End PBXNativeTarget section */

/* Begin PBXProject section */
		FA438EAA1B7146CA00D2E8F7 /* Project object */ = {
			isa = PBXProject;
			attributes = {
				LastUpgradeCheck = 0640;
				ORGANIZATIONNAME = oleksii;
				TargetAttributes = {
					FA438EB11B7146CA00D2E8F7 = {
						CreatedOnToolsVersion = 6.4;
					};
					FA438EC61B7146CB00D2E8F7 = {
						CreatedOnToolsVersion = 6.4;
						TestTargetID = FA438EB11B7146CA00D2E8F7;
					};
				};
			};
			buildConfigurationList = FA438EAD1B7146CA00D2E8F7 /* Build configuration list for PBXProject "ViewControllerTest" */;
			compatibilityVersion = "Xcode 3.2";
			developmentRegion = English;
			hasScannedForEncodings = 0;
			knownRegions = (
				en,
				Base,
			);
			mainGroup = FA438EA91B7146CA00D2E8F7;
			productRefGroup = FA438EB31B7146CA00D2E8F7 /* Products */;
			projectDirPath = "";
			projectRoot = "";
			targets = (
				FA438EB11B7146CA00D2E8F7 /* ViewControllerTest */,
				FA438EC61B7146CB00D2E8F7 /* ViewControllerTestTests */,
			);
		};
/* End PBXProject section */

/* Begin PBXResourcesBuildPhase section */
		FA438EB01B7146CA00D2E8F7 /* Resources */ = {
			isa = PBXResourcesBuildPhase;
			buildActionMask = 2147483647;
			files = (
				FA438EBD1B7146CA00D2E8F7 /* Main.storyboard in Resources */,
				FA438EC21B7146CA00D2E8F7 /* LaunchScreen.xib in Resources */,
				FA438EBF1B7146CA00D2E8F7 /* Images.xcassets in Resources */,
			);
			runOnlyForDeploymentPostprocessing = 0;
		};
		FA438EC51B7146CB00D2E8F7 /* Resources */ = {
			isa = PBXResourcesBuildPhase;
			buildActionMask = 2147483647;
			files = (
				843F4AA71B74D3C800B9D700 /* Main.storyboard in Resources */,
			);
			runOnlyForDeploymentPostprocessing = 0;
		};
/* End PBXResourcesBuildPhase section */

/* Begin PBXShellScriptBuildPhase section */
		75BBD82B00E85A46A1F1E4F4 /* Copy Pods Resources */ = {
			isa = PBXShellScriptBuildPhase;
			buildActionMask = 2147483647;
			files = (
			);
			inputPaths = (
			);
			name = "Copy Pods Resources";
			outputPaths = (
			);
			runOnlyForDeploymentPostprocessing = 0;
			shellPath = /bin/sh;
			shellScript = "\"${SRCROOT}/Pods/Target Support Files/Pods-ViewControllerTestTests/Pods-ViewControllerTestTests-resources.sh\"\n";
			showEnvVarsInLog = 0;
		};
		CBF79E7B78AD681661EE2FD7 /* Embed Pods Frameworks */ = {
			isa = PBXShellScriptBuildPhase;
			buildActionMask = 2147483647;
			files = (
			);
			inputPaths = (
			);
			name = "Embed Pods Frameworks";
			outputPaths = (
			);
			runOnlyForDeploymentPostprocessing = 0;
			shellPath = /bin/sh;
			shellScript = "\"${SRCROOT}/Pods/Target Support Files/Pods-ViewControllerTestTests/Pods-ViewControllerTestTests-frameworks.sh\"\n";
			showEnvVarsInLog = 0;
		};
		ED19E75F58B7DAD15F8874AA /* Check Pods Manifest.lock */ = {
			isa = PBXShellScriptBuildPhase;
			buildActionMask = 2147483647;
			files = (
			);
			inputPaths = (
			);
			name = "Check Pods Manifest.lock";
			outputPaths = (
			);
			runOnlyForDeploymentPostprocessing = 0;
			shellPath = /bin/sh;
			shellScript = "diff \"${PODS_ROOT}/../Podfile.lock\" \"${PODS_ROOT}/Manifest.lock\" > /dev/null\nif [[ $? != 0 ]] ; then\n    cat << EOM\nerror: The sandbox is not in sync with the Podfile.lock. Run 'pod install' or update your CocoaPods installation.\nEOM\n    exit 1\nfi\n";
			showEnvVarsInLog = 0;
		};
/* End PBXShellScriptBuildPhase section */

/* Begin PBXSourcesBuildPhase section */
		FA438EAE1B7146CA00D2E8F7 /* Sources */ = {
			isa = PBXSourcesBuildPhase;
			buildActionMask = 2147483647;
			files = (
				FA438EBA1B7146CA00D2E8F7 /* ViewController.swift in Sources */,
				FA438EB81B7146CA00D2E8F7 /* AppDelegate.swift in Sources */,
			);
			runOnlyForDeploymentPostprocessing = 0;
		};
		FA438EC31B7146CB00D2E8F7 /* Sources */ = {
			isa = PBXSourcesBuildPhase;
			buildActionMask = 2147483647;
			files = (
				FA438EE41B715BD700D2E8F7 /* AppDelegate.swift in Sources */,
				FA438ECE1B7146CB00D2E8F7 /* ViewControllerTestTests.swift in Sources */,
			);
			runOnlyForDeploymentPostprocessing = 0;
		};
/* End PBXSourcesBuildPhase section */

/* Begin PBXTargetDependency section */
		FA438EC91B7146CB00D2E8F7 /* PBXTargetDependency */ = {
			isa = PBXTargetDependency;
			target = FA438EB11B7146CA00D2E8F7 /* ViewControllerTest */;
			targetProxy = FA438EC81B7146CB00D2E8F7 /* PBXContainerItemProxy */;
		};
/* End PBXTargetDependency section */

/* Begin PBXVariantGroup section */
		FA438EBB1B7146CA00D2E8F7 /* Main.storyboard */ = {
			isa = PBXVariantGroup;
			children = (
				FA438EBC1B7146CA00D2E8F7 /* Base */,
			);
			name = Main.storyboard;
			sourceTree = "<group>";
		};
		FA438EC01B7146CA00D2E8F7 /* LaunchScreen.xib */ = {
			isa = PBXVariantGroup;
			children = (
				FA438EC11B7146CA00D2E8F7 /* Base */,
			);
			name = LaunchScreen.xib;
			sourceTree = "<group>";
		};
/* End PBXVariantGroup section */

/* Begin XCBuildConfiguration section */
		FA438ECF1B7146CB00D2E8F7 /* Debug */ = {
			isa = XCBuildConfiguration;
			buildSettings = {
				ALWAYS_SEARCH_USER_PATHS = NO;
				CLANG_CXX_LANGUAGE_STANDARD = "gnu++0x";
				CLANG_CXX_LIBRARY = "libc++";
				CLANG_ENABLE_MODULES = YES;
				CLANG_ENABLE_OBJC_ARC = YES;
				CLANG_WARN_BOOL_CONVERSION = YES;
				CLANG_WARN_CONSTANT_CONVERSION = YES;
				CLANG_WARN_DIRECT_OBJC_ISA_USAGE = YES_ERROR;
				CLANG_WARN_EMPTY_BODY = YES;
				CLANG_WARN_ENUM_CONVERSION = YES;
				CLANG_WARN_INT_CONVERSION = YES;
				CLANG_WARN_OBJC_ROOT_CLASS = YES_ERROR;
				CLANG_WARN_UNREACHABLE_CODE = YES;
				CLANG_WARN__DUPLICATE_METHOD_MATCH = YES;
				"CODE_SIGN_IDENTITY[sdk=iphoneos*]" = "iPhone Developer";
				COPY_PHASE_STRIP = NO;
				DEBUG_INFORMATION_FORMAT = "dwarf-with-dsym";
				DEFINES_MODULE = YES;
				ENABLE_STRICT_OBJC_MSGSEND = YES;
				GCC_C_LANGUAGE_STANDARD = gnu99;
				GCC_DYNAMIC_NO_PIC = NO;
				GCC_NO_COMMON_BLOCKS = YES;
				GCC_OPTIMIZATION_LEVEL = 0;
				GCC_PREPROCESSOR_DEFINITIONS = (
					"DEBUG=1",
					"$(inherited)",
				);
				GCC_SYMBOLS_PRIVATE_EXTERN = NO;
				GCC_WARN_64_TO_32_BIT_CONVERSION = YES;
				GCC_WARN_ABOUT_RETURN_TYPE = YES_ERROR;
				GCC_WARN_UNDECLARED_SELECTOR = YES;
				GCC_WARN_UNINITIALIZED_AUTOS = YES_AGGRESSIVE;
				GCC_WARN_UNUSED_FUNCTION = YES;
				GCC_WARN_UNUSED_VARIABLE = YES;
				IPHONEOS_DEPLOYMENT_TARGET = 8.4;
				MTL_ENABLE_DEBUG_INFO = YES;
				ONLY_ACTIVE_ARCH = YES;
				SDKROOT = iphoneos;
				SWIFT_OPTIMIZATION_LEVEL = "-Onone";
			};
			name = Debug;
		};
		FA438ED01B7146CB00D2E8F7 /* Release */ = {
			isa = XCBuildConfiguration;
			buildSettings = {
				ALWAYS_SEARCH_USER_PATHS = NO;
				CLANG_CXX_LANGUAGE_STANDARD = "gnu++0x";
				CLANG_CXX_LIBRARY = "libc++";
				CLANG_ENABLE_MODULES = YES;
				CLANG_ENABLE_OBJC_ARC = YES;
				CLANG_WARN_BOOL_CONVERSION = YES;
				CLANG_WARN_CONSTANT_CONVERSION = YES;
				CLANG_WARN_DIRECT_OBJC_ISA_USAGE = YES_ERROR;
				CLANG_WARN_EMPTY_BODY = YES;
				CLANG_WARN_ENUM_CONVERSION = YES;
				CLANG_WARN_INT_CONVERSION = YES;
				CLANG_WARN_OBJC_ROOT_CLASS = YES_ERROR;
				CLANG_WARN_UNREACHABLE_CODE = YES;
				CLANG_WARN__DUPLICATE_METHOD_MATCH = YES;
				"CODE_SIGN_IDENTITY[sdk=iphoneos*]" = "iPhone Developer";
				COPY_PHASE_STRIP = NO;
				DEBUG_INFORMATION_FORMAT = "dwarf-with-dsym";
				DEFINES_MODULE = YES;
				ENABLE_NS_ASSERTIONS = NO;
				ENABLE_STRICT_OBJC_MSGSEND = YES;
				GCC_C_LANGUAGE_STANDARD = gnu99;
				GCC_NO_COMMON_BLOCKS = YES;
				GCC_WARN_64_TO_32_BIT_CONVERSION = YES;
				GCC_WARN_ABOUT_RETURN_TYPE = YES_ERROR;
				GCC_WARN_UNDECLARED_SELECTOR = YES;
				GCC_WARN_UNINITIALIZED_AUTOS = YES_AGGRESSIVE;
				GCC_WARN_UNUSED_FUNCTION = YES;
				GCC_WARN_UNUSED_VARIABLE = YES;
				IPHONEOS_DEPLOYMENT_TARGET = 8.4;
				MTL_ENABLE_DEBUG_INFO = NO;
				SDKROOT = iphoneos;
				VALIDATE_PRODUCT = YES;
			};
			name = Release;
		};
		FA438ED21B7146CB00D2E8F7 /* Debug */ = {
			isa = XCBuildConfiguration;
			buildSettings = {
				ASSETCATALOG_COMPILER_APPICON_NAME = AppIcon;
				INFOPLIST_FILE = ViewControllerTest/Info.plist;
				LD_RUNPATH_SEARCH_PATHS = "$(inherited) @executable_path/Frameworks";
				PRODUCT_NAME = "$(TARGET_NAME)";
			};
			name = Debug;
		};
		FA438ED31B7146CB00D2E8F7 /* Release */ = {
			isa = XCBuildConfiguration;
			buildSettings = {
				ASSETCATALOG_COMPILER_APPICON_NAME = AppIcon;
				INFOPLIST_FILE = ViewControllerTest/Info.plist;
				LD_RUNPATH_SEARCH_PATHS = "$(inherited) @executable_path/Frameworks";
				PRODUCT_NAME = "$(TARGET_NAME)";
			};
			name = Release;
		};
		FA438ED51B7146CB00D2E8F7 /* Debug */ = {
			isa = XCBuildConfiguration;
			baseConfigurationReference = DFB6DF3D10A9EA5D00F225E1 /* Pods-ViewControllerTestTests.debug.xcconfig */;
			buildSettings = {
				BUNDLE_LOADER = "$(TEST_HOST)";
				FRAMEWORK_SEARCH_PATHS = (
					"$(SDKROOT)/Developer/Library/Frameworks",
					"$(inherited)",
					"$(PROJECT_DIR)/build/Debug-iphoneos",
				);
				GCC_PREPROCESSOR_DEFINITIONS = (
					"DEBUG=1",
					"$(inherited)",
				);
				INFOPLIST_FILE = ViewControllerTestTests/Info.plist;
				LD_RUNPATH_SEARCH_PATHS = "$(inherited) @executable_path/Frameworks @loader_path/Frameworks";
				PRODUCT_NAME = "$(TARGET_NAME)";
				TEST_HOST = "$(BUILT_PRODUCTS_DIR)/ViewControllerTest.app/ViewControllerTest";
			};
			name = Debug;
		};
		FA438ED61B7146CB00D2E8F7 /* Release */ = {
			isa = XCBuildConfiguration;
			baseConfigurationReference = 9F1D46C0F9AA6C7F8386E0FE /* Pods-ViewControllerTestTests.release.xcconfig */;
			buildSettings = {
				BUNDLE_LOADER = "$(TEST_HOST)";
				FRAMEWORK_SEARCH_PATHS = (
					"$(SDKROOT)/Developer/Library/Frameworks",
					"$(inherited)",
					"$(PROJECT_DIR)/build/Debug-iphoneos",
				);
				INFOPLIST_FILE = ViewControllerTestTests/Info.plist;
				LD_RUNPATH_SEARCH_PATHS = "$(inherited) @executable_path/Frameworks @loader_path/Frameworks";
				PRODUCT_NAME = "$(TARGET_NAME)";
				TEST_HOST = "$(BUILT_PRODUCTS_DIR)/ViewControllerTest.app/ViewControllerTest";
			};
			name = Release;
		};
/* End XCBuildConfiguration section */

/* Begin XCConfigurationList section */
		FA438EAD1B7146CA00D2E8F7 /* Build configuration list for PBXProject "ViewControllerTest" */ = {
			isa = XCConfigurationList;
			buildConfigurations = (
				FA438ECF1B7146CB00D2E8F7 /* Debug */,
				FA438ED01B7146CB00D2E8F7 /* Release */,
			);
			defaultConfigurationIsVisible = 0;
			defaultConfigurationName = Release;
		};
		FA438ED11B7146CB00D2E8F7 /* Build configuration list for PBXNativeTarget "ViewControllerTest" */ = {
			isa = XCConfigurationList;
			buildConfigurations = (
				FA438ED21B7146CB00D2E8F7 /* Debug */,
				FA438ED31B7146CB00D2E8F7 /* Release */,
			);
			defaultConfigurationIsVisible = 0;
			defaultConfigurationName = Release;
		};
		FA438ED41B7146CB00D2E8F7 /* Build configuration list for PBXNativeTarget "ViewControllerTestTests" */ = {
			isa = XCConfigurationList;
			buildConfigurations = (
				FA438ED51B7146CB00D2E8F7 /* Debug */,
				FA438ED61B7146CB00D2E8F7 /* Release */,
			);
			defaultConfigurationIsVisible = 0;
			defaultConfigurationName = Release;
		};
/* End XCConfigurationList section */
	};
	rootObject = FA438EAA1B7146CA00D2E8F7 /* Project object */;
}
